
Microsoft Visual Studio Solution File, Format Version 12.00
# Visual Studio 15
VisualStudioVersion = 15.0.26430.6
MinimumVisualStudioVersion = 10.0.40219.1
Project("{FAE04EC0-301F-11D3-BF4B-00C04F79EFBC}") = "App4.Android", "App4\App4.Android\App4.Android.csproj", "{E747D809-26CD-4277-87D8-0F703653D63A}"
EndProject
Project("{FAE04EC0-301F-11D3-BF4B-00C04F79EFBC}") = "App4", "App4\App4\App4.csproj", "{EDC49524-C8AA-4814-B161-97DA80D92A90}"
EndProject
Global
	GlobalSection(SolutionConfigurationPlatforms) = preSolution
		Ad-Hoc|Any CPU = Ad-Hoc|Any CPU
		Ad-Hoc|iPhone = Ad-Hoc|iPhone
		Ad-Hoc|iPhoneSimulator = Ad-Hoc|iPhoneSimulator
		AppStore|Any CPU = AppStore|Any CPU
		AppStore|iPhone = AppStore|iPhone
		AppStore|iPhoneSimulator = AppStore|iPhoneSimulator
		Debug|Any CPU = Debug|Any CPU
		Debug|iPhone = Debug|iPhone
		Debug|iPhoneSimulator = Debug|iPhoneSimulator
		Release|Any CPU = Release|Any CPU
		Release|iPhone = Release|iPhone
		Release|iPhoneSimulator = Release|iPhoneSimulator
	EndGlobalSection
	GlobalSection(ProjectConfigurationPlatforms) = postSolution
		{E747D809-26CD-4277-87D8-0F703653D63A}.Ad-Hoc|Any CPU.ActiveCfg = Release|Any CPU
		{E747D809-26CD-4277-87D8-0F703653D63A}.Ad-Hoc|Any CPU.Build.0 = Release|Any CPU
		{E747D809-26CD-4277-87D8-0F703653D63A}.Ad-Hoc|Any CPU.Deploy.0 = Release|Any CPU
		{E747D809-26CD-4277-87D8-0F703653D63A}.Ad-Hoc|iPhone.ActiveCfg = Release|Any CPU
		{E747D809-26CD-4277-87D8-0F703653D63A}.Ad-Hoc|iPhone.Build.0 = Release|Any CPU
		{E747D809-26CD-4277-87D8-0F703653D63A}.Ad-Hoc|iPhone.Deploy.0 = Release|Any CPU
		{E747D809-26CD-4277-87D8-0F703653D63A}.Ad-Hoc|iPhoneSimulator.ActiveCfg = Release|Any CPU
		{E747D809-26CD-4277-87D8-0F703653D63A}.Ad-Hoc|iPhoneSimulator.Build.0 = Release|Any CPU
		{E747D809-26CD-4277-87D8-0F703653D63A}.Ad-Hoc|iPhoneSimulator.Deploy.0 = Release|Any CPU
		{E747D809-26CD-4277-87D8-0F703653D63A}.AppStore|Any CPU.ActiveCfg = Release|Any CPU
		{E747D809-26CD-4277-87D8-0F703653D63A}.AppStore|Any CPU.Build.0 = Release|Any CPU
		{E747D809-26CD-4277-87D8-0F703653D63A}.AppStore|Any CPU.Deploy.0 = Release|Any CPU
		{E747D809-26CD-4277-87D8-0F703653D63A}.AppStore|iPhone.ActiveCfg = Release|Any CPU
		{E747D809-26CD-4277-87D8-0F703653D63A}.AppStore|iPhone.Build.0 = Release|Any CPU
		{E747D809-26CD-4277-87D8-0F703653D63A}.AppStore|iPhone.Deploy.0 = Release|Any CPU
		{E747D809-26CD-4277-87D8-0F703653D63A}.AppStore|iPhoneSimulator.ActiveCfg = Release|Any CPU
		{E747D809-26CD-4277-87D8-0F703653D63A}.AppStore|iPhoneSimulator.Build.0 = Release|Any CPU
		{E747D809-26CD-4277-87D8-0F703653D63A}.AppStore|iPhoneSimulator.Deploy.0 = Release|Any CPU
		{E747D809-26CD-4277-87D8-0F703653D63A}.Debug|Any CPU.ActiveCfg = Debug|Any CPU
		{E747D809-26CD-4277-87D8-0F703653D63A}.Debug|Any CPU.Build.0 = Debug|Any CPU
		{E747D809-26CD-4277-87D8-0F703653D63A}.Debug|Any CPU.Deploy.0 = Debug|Any CPU
		{E747D809-26CD-4277-87D8-0F703653D63A}.Debug|iPhone.ActiveCfg = Debug|Any CPU
		{E747D809-26CD-4277-87D8-0F703653D63A}.Debug|iPhone.Build.0 = Debug|Any CPU
		{E747D809-26CD-4277-87D8-0F703653D63A}.Debug|iPhone.Deploy.0 = Debug|Any CPU
		{E747D809-26CD-4277-87D8-0F703653D63A}.Debug|iPhoneSimulator.ActiveCfg = Debug|Any CPU
		{E747D809-26CD-4277-87D8-0F703653D63A}.Debug|iPhoneSimulator.Build.0 = Debug|Any CPU
		{E747D809-26CD-4277-87D8-0F703653D63A}.Debug|iPhoneSimulator.Deploy.0 = Debug|Any CPU
		{E747D809-26CD-4277-87D8-0F703653D63A}.Release|Any CPU.ActiveCfg = Release|Any CPU
		{E747D809-26CD-4277-87D8-0F703653D63A}.Release|Any CPU.Build.0 = Release|Any CPU
		{E747D809-26CD-4277-87D8-0F703653D63A}.Release|Any CPU.Deploy.0 = Release|Any CPU
		{E747D809-26CD-4277-87D8-0F703653D63A}.Release|iPhone.ActiveCfg = Release|Any CPU
		{E747D809-26CD-4277-87D8-0F703653D63A}.Release|iPhone.Build.0 = Release|Any CPU
		{E747D809-26CD-4277-87D8-0F703653D63A}.Release|iPhone.Deploy.0 = Release|Any CPU
		{E747D809-26CD-4277-87D8-0F703653D63A}.Release|iPhoneSimulator.ActiveCfg = Release|Any CPU
		{E747D809-26CD-4277-87D8-0F703653D63A}.Release|iPhoneSimulator.Build.0 = Release|Any CPU
		{E747D809-26CD-4277-87D8-0F703653D63A}.Release|iPhoneSimulator.Deploy.0 = Release|Any CPU
		{EDC49524-C8AA-4814-B161-97DA80D92A90}.Ad-Hoc|Any CPU.ActiveCfg = Release|Any CPU
		{EDC49524-C8AA-4814-B161-97DA80D92A90}.Ad-Hoc|Any CPU.Build.0 = Release|Any CPU
		{EDC49524-C8AA-4814-B161-97DA80D92A90}.Ad-Hoc|iPhone.ActiveCfg = Release|Any CPU
		{EDC49524-C8AA-4814-B161-97DA80D92A90}.Ad-Hoc|iPhone.Build.0 = Release|Any CPU
		{EDC49524-C8AA-4814-B161-97DA80D92A90}.Ad-Hoc|iPhoneSimulator.ActiveCfg = Release|Any CPU
		{EDC49524-C8AA-4814-B161-97DA80D92A90}.Ad-Hoc|iPhoneSimulator.Build.0 = Release|Any CPU
		{EDC49524-C8AA-4814-B161-97DA80D92A90}.AppStore|Any CPU.ActiveCfg = Release|Any CPU
		{EDC49524-C8AA-4814-B161-97DA80D92A90}.AppStore|Any CPU.Build.0 = Release|Any CPU
		{EDC49524-C8AA-4814-B161-97DA80D92A90}.AppStore|iPhone.ActiveCfg = Release|Any CPU
		{EDC49524-C8AA-4814-B161-97DA80D92A90}.AppStore|iPhone.Build.0 = Release|Any CPU
		{EDC49524-C8AA-4814-B161-97DA80D92A90}.AppStore|iPhoneSimulator.ActiveCfg = Release|Any CPU
		{EDC49524-C8AA-4814-B161-97DA80D92A90}.AppStore|iPhoneSimulator.Build.0 = Release|Any CPU
		{EDC49524-C8AA-4814-B161-97DA80D92A90}.Debug|Any CPU.ActiveCfg = Debug|Any CPU
		{EDC49524-C8AA-4814-B161-97DA80D92A90}.Debug|Any CPU.Build.0 = Debug|Any CPU
		{EDC49524-C8AA-4814-B161-97DA80D92A90}.Debug|iPhone.ActiveCfg = Debug|Any CPU
		{EDC49524-C8AA-4814-B161-97DA80D92A90}.Debug|iPhone.Build.0 = Debug|Any CPU
		{EDC49524-C8AA-4814-B161-97DA80D92A90}.Debug|iPhoneSimulator.ActiveCfg = Debug|Any CPU
		{EDC49524-C8AA-4814-B161-97DA80D92A90}.Debug|iPhoneSimulator.Build.0 = Debug|Any CPU
		{EDC49524-C8AA-4814-B161-97DA80D92A90}.Release|Any CPU.ActiveCfg = Release|Any CPU
		{EDC49524-C8AA-4814-B161-97DA80D92A90}.Release|Any CPU.Build.0 = Release|Any CPU
		{EDC49524-C8AA-4814-B161-97DA80D92A90}.Release|iPhone.ActiveCfg = Release|Any CPU
		{EDC49524-C8AA-4814-B161-97DA80D92A90}.Release|iPhone.Build.0 = Release|Any CPU
		{EDC49524-C8AA-4814-B161-97DA80D92A90}.Release|iPhoneSimulator.ActiveCfg = Release|Any CPU
		{EDC49524-C8AA-4814-B161-97DA80D92A90}.Release|iPhoneSimulator.Build.0 = Release|Any CPU
	EndGlobalSection
	GlobalSection(SolutionProperties) = preSolution
		HideSolutionNode = FALSE
	EndGlobalSection
EndGlobal
